Microsoft Visual Studio Solution File, Format Version 12.00
# Visual Studio Version 17
VisualStudioVersion = 17.5.2.0
MinimumVisualStudioVersion = 10.0.40219.1
Project("{FAE04EC0-301F-11D3-BF4B-00C04F79EFBC}") = "az-app-demo", "az-app-demo.csproj", "{5901E677-ECB4-9F28-4BCC-83497254A22B}"
EndProject
Global
	GlobalSection(SolutionConfigurationPlatforms) = preSolution
		Debug|Any CPU = Debug|Any CPU
		Release|Any CPU = Release|Any CPU
	EndGlobalSection
	GlobalSection(ProjectConfigurationPlatforms) = postSolution
		{5901E677-ECB4-9F28-4BCC-83497254A22B}.Debug|Any CPU.ActiveCfg = Debug|Any CPU
		{5901E677-ECB4-9F28-4BCC-83497254A22B}.Debug|Any CPU.Build.0 = Debug|Any CPU
		{5901E677-ECB4-9F28-4BCC-83497254A22B}.Release|Any CPU.ActiveCfg = Release|Any CPU
		{5901E677-ECB4-9F28-4BCC-83497254A22B}.Release|Any CPU.Build.0 = Release|Any CPU
	EndGlobalSection
	GlobalSection(SolutionProperties) = preSolution
		HideSolutionNode = FALSE
	EndGlobalSection
	GlobalSection(ExtensibilityGlobals) = postSolution
		SolutionGuid = {F8671304-A22B-495A-A171-80DEA7C119A5}
	EndGlobalSection
EndGlobal
